// !$*UTF8*$!
{
	archiveVersion = 1;
	classes = {
	};
	objectVersion = 46;
	objects = {

/* Begin PBXBuildFile section */
		55657AAD1B13BB080057D0D9 /* SearchViewController.swift in Sources */ = {isa = PBXBuildFile; fileRef = 55657AAC1B13BB080057D0D9 /* SearchViewController.swift */; };
		5594660B1B12A4D000C9C200 /* Bolts.framework in Frameworks */ = {isa = PBXBuildFile; fileRef = 559466091B12A4D000C9C200 /* Bolts.framework */; };
		5594660C1B12A4D000C9C200 /* Parse.framework in Frameworks */ = {isa = PBXBuildFile; fileRef = 5594660A1B12A4D000C9C200 /* Parse.framework */; };
		5594660E1B12A51B00C9C200 /* AudioToolbox.framework in Frameworks */ = {isa = PBXBuildFile; fileRef = 5594660D1B12A51B00C9C200 /* AudioToolbox.framework */; };
		559466101B12A52000C9C200 /* CFNetwork.framework in Frameworks */ = {isa = PBXBuildFile; fileRef = 5594660F1B12A52000C9C200 /* CFNetwork.framework */; };
		559466121B12A52600C9C200 /* CoreGraphics.framework in Frameworks */ = {isa = PBXBuildFile; fileRef = 559466111B12A52600C9C200 /* CoreGraphics.framework */; };
		559466141B12A52C00C9C200 /* CoreLocation.framework in Frameworks */ = {isa = PBXBuildFile; fileRef = 559466131B12A52C00C9C200 /* CoreLocation.framework */; };
		559466161B12A53100C9C200 /* MobileCoreServices.framework in Frameworks */ = {isa = PBXBuildFile; fileRef = 559466151B12A53100C9C200 /* MobileCoreServices.framework */; };
		559466181B12A53600C9C200 /* QuartzCore.framework in Frameworks */ = {isa = PBXBuildFile; fileRef = 559466171B12A53600C9C200 /* QuartzCore.framework */; };
		5594661A1B12A53C00C9C200 /* Security.framework in Frameworks */ = {isa = PBXBuildFile; fileRef = 559466191B12A53C00C9C200 /* Security.framework */; };
		5594661C1B12A54300C9C200 /* StoreKit.framework in Frameworks */ = {isa = PBXBuildFile; fileRef = 5594661B1B12A54300C9C200 /* StoreKit.framework */; };
		5594661E1B12A54C00C9C200 /* SystemConfiguration.framework in Frameworks */ = {isa = PBXBuildFile; fileRef = 5594661D1B12A54C00C9C200 /* SystemConfiguration.framework */; };
		559466201B12A55100C9C200 /* libz.dylib in Frameworks */ = {isa = PBXBuildFile; fileRef = 5594661F1B12A55100C9C200 /* libz.dylib */; };
		559466221B12A56200C9C200 /* libsqlite3.dylib in Frameworks */ = {isa = PBXBuildFile; fileRef = 559466211B12A56200C9C200 /* libsqlite3.dylib */; };
		559466241B12B74B00C9C200 /* ProfileViewController.swift in Sources */ = {isa = PBXBuildFile; fileRef = 559466231B12B74B00C9C200 /* ProfileViewController.swift */; };
		559466261B12B76C00C9C200 /* Profile.swift in Sources */ = {isa = PBXBuildFile; fileRef = 559466251B12B76C00C9C200 /* Profile.swift */; };
		55B6852E1B102F1800CA2711 /* AppDelegate.swift in Sources */ = {isa = PBXBuildFile; fileRef = 55B6852D1B102F1800CA2711 /* AppDelegate.swift */; };
		55B685301B102F1800CA2711 /* ViewController.swift in Sources */ = {isa = PBXBuildFile; fileRef = 55B6852F1B102F1800CA2711 /* ViewController.swift */; };
		55B685331B102F1800CA2711 /* Main.storyboard in Resources */ = {isa = PBXBuildFile; fileRef = 55B685311B102F1800CA2711 /* Main.storyboard */; };
		55B685351B102F1800CA2711 /* Images.xcassets in Resources */ = {isa = PBXBuildFile; fileRef = 55B685341B102F1800CA2711 /* Images.xcassets */; };
		55B685381B102F1800CA2711 /* LaunchScreen.xib in Resources */ = {isa = PBXBuildFile; fileRef = 55B685361B102F1800CA2711 /* LaunchScreen.xib */; };
		55B685441B102F1800CA2711 /* PlaydateTests.swift in Sources */ = {isa = PBXBuildFile; fileRef = 55B685431B102F1800CA2711 /* PlaydateTests.swift */; };
		55B6854E1B102F5F00CA2711 /* Playdate1.swift in Sources */ = {isa = PBXBuildFile; fileRef = 55B6854D1B102F5F00CA2711 /* Playdate1.swift */; };
		55B685521B102FAC00CA2711 /* Login.swift in Sources */ = {isa = PBXBuildFile; fileRef = 55B685511B102FAC00CA2711 /* Login.swift */; };
		55B685541B10307100CA2711 /* Signup.swift in Sources */ = {isa = PBXBuildFile; fileRef = 55B685531B10307100CA2711 /* Signup.swift */; };
		55B685561B10312300CA2711 /* SignupViewController.swift in Sources */ = {isa = PBXBuildFile; fileRef = 55B685551B10312300CA2711 /* SignupViewController.swift */; };
/* End PBXBuildFile section */

/* Begin PBXContainerItemProxy section */
		55B6853E1B102F1800CA2711 /* PBXContainerItemProxy */ = {
			isa = PBXContainerItemProxy;
			containerPortal = 55B685201B102F1800CA2711 /* Project object */;
			proxyType = 1;
			remoteGlobalIDString = 55B685271B102F1800CA2711;
			remoteInfo = Playdate;
		};
/* End PBXContainerItemProxy section */

/* Begin PBXFileReference section */
		55657AAC1B13BB080057D0D9 /* SearchViewController.swift */ = {isa = PBXFileReference; fileEncoding = 4; lastKnownFileType = sourcecode.swift; path = SearchViewController.swift; sourceTree = "<group>"; };
		559466091B12A4D000C9C200 /* Bolts.framework */ = {isa = PBXFileReference; lastKnownFileType = wrapper.framework; path = Bolts.framework; sourceTree = "<group>"; };
		5594660A1B12A4D000C9C200 /* Parse.framework */ = {isa = PBXFileReference; lastKnownFileType = wrapper.framework; path = Parse.framework; sourceTree = "<group>"; };
		5594660D1B12A51B00C9C200 /* AudioToolbox.framework */ = {isa = PBXFileReference; lastKnownFileType = wrapper.framework; name = AudioToolbox.framework; path = System/Library/Frameworks/AudioToolbox.framework; sourceTree = SDKROOT; };
		5594660F1B12A52000C9C200 /* CFNetwork.framework */ = {isa = PBXFileReference; lastKnownFileType = wrapper.framework; name = CFNetwork.framework; path = System/Library/Frameworks/CFNetwork.framework; sourceTree = SDKROOT; };
		559466111B12A52600C9C200 /* CoreGraphics.framework */ = {isa = PBXFileReference; lastKnownFileType = wrapper.framework; name = CoreGraphics.framework; path = System/Library/Frameworks/CoreGraphics.framework; sourceTree = SDKROOT; };
		559466131B12A52C00C9C200 /* CoreLocation.framework */ = {isa = PBXFileReference; lastKnownFileType = wrapper.framework; name = CoreLocation.framework; path = System/Library/Frameworks/CoreLocation.framework; sourceTree = SDKROOT; };
		559466151B12A53100C9C200 /* MobileCoreServices.framework */ = {isa = PBXFileReference; lastKnownFileType = wrapper.framework; name = MobileCoreServices.framework; path = System/Library/Frameworks/MobileCoreServices.framework; sourceTree = SDKROOT; };
		559466171B12A53600C9C200 /* QuartzCore.framework */ = {isa = PBXFileReference; lastKnownFileType = wrapper.framework; name = QuartzCore.framework; path = System/Library/Frameworks/QuartzCore.framework; sourceTree = SDKROOT; };
		559466191B12A53C00C9C200 /* Security.framework */ = {isa = PBXFileReference; lastKnownFileType = wrapper.framework; name = Security.framework; path = System/Library/Frameworks/Security.framework; sourceTree = SDKROOT; };
		5594661B1B12A54300C9C200 /* StoreKit.framework */ = {isa = PBXFileReference; lastKnownFileType = wrapper.framework; name = StoreKit.framework; path = System/Library/Frameworks/StoreKit.framework; sourceTree = SDKROOT; };
		5594661D1B12A54C00C9C200 /* SystemConfiguration.framework */ = {isa = PBXFileReference; lastKnownFileType = wrapper.framework; name = SystemConfiguration.framework; path = System/Library/Frameworks/SystemConfiguration.framework; sourceTree = SDKROOT; };
		5594661F1B12A55100C9C200 /* libz.dylib */ = {isa = PBXFileReference; lastKnownFileType = "compiled.mach-o.dylib"; name = libz.dylib; path = usr/lib/libz.dylib; sourceTree = SDKROOT; };
		559466211B12A56200C9C200 /* libsqlite3.dylib */ = {isa = PBXFileReference; lastKnownFileType = "compiled.mach-o.dylib"; name = libsqlite3.dylib; path = usr/lib/libsqlite3.dylib; sourceTree = SDKROOT; };
		559466231B12B74B00C9C200 /* ProfileViewController.swift */ = {isa = PBXFileReference; fileEncoding = 4; lastKnownFileType = sourcecode.swift; path = ProfileViewController.swift; sourceTree = "<group>"; };
		559466251B12B76C00C9C200 /* Profile.swift */ = {isa = PBXFileReference; fileEncoding = 4; lastKnownFileType = sourcecode.swift; path = Profile.swift; sourceTree = "<group>"; };
		55B685281B102F1800CA2711 /* Playdate.app */ = {isa = PBXFileReference; explicitFileType = wrapper.application; includeInIndex = 0; path = Playdate.app; sourceTree = BUILT_PRODUCTS_DIR; };
		55B6852C1B102F1800CA2711 /* Info.plist */ = {isa = PBXFileReference; lastKnownFileType = text.plist.xml; path = Info.plist; sourceTree = "<group>"; };
		55B6852D1B102F1800CA2711 /* AppDelegate.swift */ = {isa = PBXFileReference; lastKnownFileType = sourcecode.swift; path = AppDelegate.swift; sourceTree = "<group>"; };
		55B6852F1B102F1800CA2711 /* ViewController.swift */ = {isa = PBXFileReference; lastKnownFileType = sourcecode.swift; path = ViewController.swift; sourceTree = "<group>"; };
		55B685321B102F1800CA2711 /* Base */ = {isa = PBXFileReference; lastKnownFileType = file.storyboard; name = Base; path = Base.lproj/Main.storyboard; sourceTree = "<group>"; };
		55B685341B102F1800CA2711 /* Images.xcassets */ = {isa = PBXFileReference; lastKnownFileType = folder.assetcatalog; path = Images.xcassets; sourceTree = "<group>"; };
		55B685371B102F1800CA2711 /* Base */ = {isa = PBXFileReference; lastKnownFileType = file.xib; name = Base; path = Base.lproj/LaunchScreen.xib; sourceTree = "<group>"; };
		55B6853D1B102F1800CA2711 /* PlaydateTests.xctest */ = {isa = PBXFileReference; explicitFileType = wrapper.cfbundle; includeInIndex = 0; path = PlaydateTests.xctest; sourceTree = BUILT_PRODUCTS_DIR; };
		55B685421B102F1800CA2711 /* Info.plist */ = {isa = PBXFileReference; lastKnownFileType = text.plist.xml; path = Info.plist; sourceTree = "<group>"; };
		55B685431B102F1800CA2711 /* PlaydateTests.swift */ = {isa = PBXFileReference; lastKnownFileType = sourcecode.swift; path = PlaydateTests.swift; sourceTree = "<group>"; };
		55B6854D1B102F5F00CA2711 /* Playdate1.swift */ = {isa = PBXFileReference; fileEncoding = 4; lastKnownFileType = sourcecode.swift; path = Playdate1.swift; sourceTree = "<group>"; };
		55B685511B102FAC00CA2711 /* Login.swift */ = {isa = PBXFileReference; fileEncoding = 4; lastKnownFileType = sourcecode.swift; path = Login.swift; sourceTree = "<group>"; };
		55B685531B10307100CA2711 /* Signup.swift */ = {isa = PBXFileReference; fileEncoding = 4; lastKnownFileType = sourcecode.swift; path = Signup.swift; sourceTree = "<group>"; };
		55B685551B10312300CA2711 /* SignupViewController.swift */ = {isa = PBXFileReference; fileEncoding = 4; lastKnownFileType = sourcecode.swift; path = SignupViewController.swift; sourceTree = "<group>"; };
/* End PBXFileReference section */

/* Begin PBXFrameworksBuildPhase section */
		55B685251B102F1800CA2711 /* Frameworks */ = {
			isa = PBXFrameworksBuildPhase;
			buildActionMask = 2147483647;
			files = (
				559466221B12A56200C9C200 /* libsqlite3.dylib in Frameworks */,
				559466201B12A55100C9C200 /* libz.dylib in Frameworks */,
				5594661E1B12A54C00C9C200 /* SystemConfiguration.framework in Frameworks */,
				5594661C1B12A54300C9C200 /* StoreKit.framework in Frameworks */,
				5594661A1B12A53C00C9C200 /* Security.framework in Frameworks */,
				559466181B12A53600C9C200 /* QuartzCore.framework in Frameworks */,
				559466161B12A53100C9C200 /* MobileCoreServices.framework in Frameworks */,
				559466141B12A52C00C9C200 /* CoreLocation.framework in Frameworks */,
				559466121B12A52600C9C200 /* CoreGraphics.framework in Frameworks */,
				559466101B12A52000C9C200 /* CFNetwork.framework in Frameworks */,
				5594660E1B12A51B00C9C200 /* AudioToolbox.framework in Frameworks */,
				5594660C1B12A4D000C9C200 /* Parse.framework in Frameworks */,
				5594660B1B12A4D000C9C200 /* Bolts.framework in Frameworks */,
			);
			runOnlyForDeploymentPostprocessing = 0;
		};
		55B6853A1B102F1800CA2711 /* Frameworks */ = {
			isa = PBXFrameworksBuildPhase;
			buildActionMask = 2147483647;
			files = (
			);
			runOnlyForDeploymentPostprocessing = 0;
		};
/* End PBXFrameworksBuildPhase section */

/* Begin PBXGroup section */
		55B6851F1B102F1800CA2711 = {
			isa = PBXGroup;
			children = (
				559466211B12A56200C9C200 /* libsqlite3.dylib */,
				5594661F1B12A55100C9C200 /* libz.dylib */,
				5594661D1B12A54C00C9C200 /* SystemConfiguration.framework */,
				5594661B1B12A54300C9C200 /* StoreKit.framework */,
				559466191B12A53C00C9C200 /* Security.framework */,
				559466171B12A53600C9C200 /* QuartzCore.framework */,
				559466151B12A53100C9C200 /* MobileCoreServices.framework */,
				559466131B12A52C00C9C200 /* CoreLocation.framework */,
				559466111B12A52600C9C200 /* CoreGraphics.framework */,
				5594660F1B12A52000C9C200 /* CFNetwork.framework */,
				5594660D1B12A51B00C9C200 /* AudioToolbox.framework */,
				55B6852A1B102F1800CA2711 /* Playdate */,
				55B685401B102F1800CA2711 /* PlaydateTests */,
				55B685291B102F1800CA2711 /* Products */,
			);
			sourceTree = "<group>";
		};
		55B685291B102F1800CA2711 /* Products */ = {
			isa = PBXGroup;
			children = (
				55B685281B102F1800CA2711 /* Playdate.app */,
				55B6853D1B102F1800CA2711 /* PlaydateTests.xctest */,
			);
			name = Products;
			sourceTree = "<group>";
		};
		55B6852A1B102F1800CA2711 /* Playdate */ = {
			isa = PBXGroup;
			children = (
				559466091B12A4D000C9C200 /* Bolts.framework */,
				5594660A1B12A4D000C9C200 /* Parse.framework */,
				55B6852D1B102F1800CA2711 /* AppDelegate.swift */,
				55B6854D1B102F5F00CA2711 /* Playdate1.swift */,
				55B685311B102F1800CA2711 /* Main.storyboard */,
				55B6852F1B102F1800CA2711 /* ViewController.swift */,
				55B685551B10312300CA2711 /* SignupViewController.swift */,
				559466231B12B74B00C9C200 /* ProfileViewController.swift */,
				55657AAC1B13BB080057D0D9 /* SearchViewController.swift */,
				559466251B12B76C00C9C200 /* Profile.swift */,
				55B685531B10307100CA2711 /* Signup.swift */,
				55B685511B102FAC00CA2711 /* Login.swift */,
				55B685341B102F1800CA2711 /* Images.xcassets */,
				55B685361B102F1800CA2711 /* LaunchScreen.xib */,
				55B6852B1B102F1800CA2711 /* Supporting Files */,
			);
			path = Playdate;
			sourceTree = "<group>";
		};
		55B6852B1B102F1800CA2711 /* Supporting Files */ = {
			isa = PBXGroup;
			children = (
				55B6852C1B102F1800CA2711 /* Info.plist */,
			);
			name = "Supporting Files";
			sourceTree = "<group>";
		};
		55B685401B102F1800CA2711 /* PlaydateTests */ = {
			isa = PBXGroup;
			children = (
				55B685431B102F1800CA2711 /* PlaydateTests.swift */,
				55B685411B102F1800CA2711 /* Supporting Files */,
			);
			path = PlaydateTests;
			sourceTree = "<group>";
		};
		55B685411B102F1800CA2711 /* Supporting Files */ = {
			isa = PBXGroup;
			children = (
				55B685421B102F1800CA2711 /* Info.plist */,
			);
			name = "Supporting Files";
			sourceTree = "<group>";
		};
/* End PBXGroup section */

/* Begin PBXNativeTarget section */
		55B685271B102F1800CA2711 /* Playdate */ = {
			isa = PBXNativeTarget;
			buildConfigurationList = 55B685471B102F1800CA2711 /* Build configuration list for PBXNativeTarget "Playdate" */;
			buildPhases = (
				55B685241B102F1800CA2711 /* Sources */,
				55B685251B102F1800CA2711 /* Frameworks */,
				55B685261B102F1800CA2711 /* Resources */,
			);
			buildRules = (
			);
			dependencies = (
			);
			name = Playdate;
			productName = Playdate;
			productReference = 55B685281B102F1800CA2711 /* Playdate.app */;
			productType = "com.apple.product-type.application";
		};
		55B6853C1B102F1800CA2711 /* PlaydateTests */ = {
			isa = PBXNativeTarget;
			buildConfigurationList = 55B6854A1B102F1800CA2711 /* Build configuration list for PBXNativeTarget "PlaydateTests" */;
			buildPhases = (
				55B685391B102F1800CA2711 /* Sources */,
				55B6853A1B102F1800CA2711 /* Frameworks */,
				55B6853B1B102F1800CA2711 /* Resources */,
			);
			buildRules = (
			);
			dependencies = (
				55B6853F1B102F1800CA2711 /* PBXTargetDependency */,
			);
			name = PlaydateTests;
			productName = PlaydateTests;
			productReference = 55B6853D1B102F1800CA2711 /* PlaydateTests.xctest */;
			productType = "com.apple.product-type.bundle.unit-test";
		};
/* End PBXNativeTarget section */

/* Begin PBXProject section */
		55B685201B102F1800CA2711 /* Project object */ = {
			isa = PBXProject;
			attributes = {
				LastUpgradeCheck = 0630;
				ORGANIZATIONNAME = "Oscar Bjorkman";
				TargetAttributes = {
					55B685271B102F1800CA2711 = {
						CreatedOnToolsVersion = 6.3.2;
					};
					55B6853C1B102F1800CA2711 = {
						CreatedOnToolsVersion = 6.3.2;
						TestTargetID = 55B685271B102F1800CA2711;
					};
				};
			};
			buildConfigurationList = 55B685231B102F1800CA2711 /* Build configuration list for PBXProject "Playdate" */;
			compatibilityVersion = "Xcode 3.2";
			developmentRegion = English;
			hasScannedForEncodings = 0;
			knownRegions = (
				en,
				Base,
			);
			mainGroup = 55B6851F1B102F1800CA2711;
			productRefGroup = 55B685291B102F1800CA2711 /* Products */;
			projectDirPath = "";
			projectRoot = "";
			targets = (
				55B685271B102F1800CA2711 /* Playdate */,
				55B6853C1B102F1800CA2711 /* PlaydateTests */,
			);
		};
/* End PBXProject section */

/* Begin PBXResourcesBuildPhase section */
		55B685261B102F1800CA2711 /* Resources */ = {
			isa = PBXResourcesBuildPhase;
			buildActionMask = 2147483647;
			files = (
				55B685331B102F1800CA2711 /* Main.storyboard in Resources */,
				55B685381B102F1800CA2711 /* LaunchScreen.xib in Resources */,
				55B685351B102F1800CA2711 /* Images.xcassets in Resources */,
			);
			runOnlyForDeploymentPostprocessing = 0;
		};
		55B6853B1B102F1800CA2711 /* Resources */ = {
			isa = PBXResourcesBuildPhase;
			buildActionMask = 2147483647;
			files = (
			);
			runOnlyForDeploymentPostprocessing = 0;
		};
/* End PBXResourcesBuildPhase section */

/* Begin PBXSourcesBuildPhase section */
		55B685241B102F1800CA2711 /* Sources */ = {
			isa = PBXSourcesBuildPhase;
			buildActionMask = 2147483647;
			files = (
				55B685561B10312300CA2711 /* SignupViewController.swift in Sources */,
				559466261B12B76C00C9C200 /* Profile.swift in Sources */,
				55B685301B102F1800CA2711 /* ViewController.swift in Sources */,
				55657AAD1B13BB080057D0D9 /* SearchViewController.swift in Sources */,
				55B685541B10307100CA2711 /* Signup.swift in Sources */,
				55B6852E1B102F1800CA2711 /* AppDelegate.swift in Sources */,
				559466241B12B74B00C9C200 /* ProfileViewController.swift in Sources */,
				55B6854E1B102F5F00CA2711 /* Playdate1.swift in Sources */,
				55B685521B102FAC00CA2711 /* Login.swift in Sources */,
			);
			runOnlyForDeploymentPostprocessing = 0;
		};
		55B685391B102F1800CA2711 /* Sources */ = {
			isa = PBXSourcesBuildPhase;
			buildActionMask = 2147483647;
			files = (
				55B685441B102F1800CA2711 /* PlaydateTests.swift in Sources */,
			);
			runOnlyForDeploymentPostprocessing = 0;
		};
/* End PBXSourcesBuildPhase section */

/* Begin PBXTargetDependency section */
		55B6853F1B102F1800CA2711 /* PBXTargetDependency */ = {
			isa = PBXTargetDependency;
			target = 55B685271B102F1800CA2711 /* Playdate */;
			targetProxy = 55B6853E1B102F1800CA2711 /* PBXContainerItemProxy */;
		};
/* End PBXTargetDependency section */

/* Begin PBXVariantGroup section */
		55B685311B102F1800CA2711 /* Main.storyboard */ = {
			isa = PBXVariantGroup;
			children = (
				55B685321B102F1800CA2711 /* Base */,
			);
			name = Main.storyboard;
			sourceTree = "<group>";
		};
		55B685361B102F1800CA2711 /* LaunchScreen.xib */ = {
			isa = PBXVariantGroup;
			children = (
				55B685371B102F1800CA2711 /* Base */,
			);
			name = LaunchScreen.xib;
			sourceTree = "<group>";
		};
/* End PBXVariantGroup section */

/* Begin XCBuildConfiguration section */
		55B685451B102F1800CA2711 /* Debug */ = {
			isa = XCBuildConfiguration;
			buildSettings = {
				ALWAYS_SEARCH_USER_PATHS = NO;
				CLANG_CXX_LANGUAGE_STANDARD = "gnu++0x";
				CLANG_CXX_LIBRARY = "libc++";
				CLANG_ENABLE_MODULES = YES;
				CLANG_ENABLE_OBJC_ARC = YES;
				CLANG_WARN_BOOL_CONVERSION = YES;
				CLANG_WARN_CONSTANT_CONVERSION = YES;
				CLANG_WARN_DIRECT_OBJC_ISA_USAGE = YES_ERROR;
				CLANG_WARN_EMPTY_BODY = YES;
				CLANG_WARN_ENUM_CONVERSION = YES;
				CLANG_WARN_INT_CONVERSION = YES;
				CLANG_WARN_OBJC_ROOT_CLASS = YES_ERROR;
				CLANG_WARN_UNREACHABLE_CODE = YES;
				CLANG_WARN__DUPLICATE_METHOD_MATCH = YES;
				"CODE_SIGN_IDENTITY[sdk=iphoneos*]" = "iPhone Developer";
				COPY_PHASE_STRIP = NO;
				DEBUG_INFORMATION_FORMAT = "dwarf-with-dsym";
				ENABLE_STRICT_OBJC_MSGSEND = YES;
				GCC_C_LANGUAGE_STANDARD = gnu99;
				GCC_DYNAMIC_NO_PIC = NO;
				GCC_NO_COMMON_BLOCKS = YES;
				GCC_OPTIMIZATION_LEVEL = 0;
				GCC_PREPROCESSOR_DEFINITIONS = (
					"DEBUG=1",
					"$(inherited)",
				);
				GCC_SYMBOLS_PRIVATE_EXTERN = NO;
				GCC_WARN_64_TO_32_BIT_CONVERSION = YES;
				GCC_WARN_ABOUT_RETURN_TYPE = YES_ERROR;
				GCC_WARN_UNDECLARED_SELECTOR = YES;
				GCC_WARN_UNINITIALIZED_AUTOS = YES_AGGRESSIVE;
				GCC_WARN_UNUSED_FUNCTION = YES;
				GCC_WARN_UNUSED_VARIABLE = YES;
				IPHONEOS_DEPLOYMENT_TARGET = 8.3;
				MTL_ENABLE_DEBUG_INFO = YES;
				ONLY_ACTIVE_ARCH = YES;
				SDKROOT = iphoneos;
				SWIFT_OPTIMIZATION_LEVEL = "-Onone";
			};
			name = Debug;
		};
		55B685461B102F1800CA2711 /* Release */ = {
			isa = XCBuildConfiguration;
			buildSettings = {
				ALWAYS_SEARCH_USER_PATHS = NO;
				CLANG_CXX_LANGUAGE_STANDARD = "gnu++0x";
				CLANG_CXX_LIBRARY = "libc++";
				CLANG_ENABLE_MODULES = YES;
				CLANG_ENABLE_OBJC_ARC = YES;
				CLANG_WARN_BOOL_CONVERSION = YES;
				CLANG_WARN_CONSTANT_CONVERSION = YES;
				CLANG_WARN_DIRECT_OBJC_ISA_USAGE = YES_ERROR;
				CLANG_WARN_EMPTY_BODY = YES;
				CLANG_WARN_ENUM_CONVERSION = YES;
				CLANG_WARN_INT_CONVERSION = YES;
				CLANG_WARN_OBJC_ROOT_CLASS = YES_ERROR;
				CLANG_WARN_UNREACHABLE_CODE = YES;
				CLANG_WARN__DUPLICATE_METHOD_MATCH = YES;
				"CODE_SIGN_IDENTITY[sdk=iphoneos*]" = "iPhone Developer";
				COPY_PHASE_STRIP = NO;
				DEBUG_INFORMATION_FORMAT = "dwarf-with-dsym";
				ENABLE_NS_ASSERTIONS = NO;
				ENABLE_STRICT_OBJC_MSGSEND = YES;
				GCC_C_LANGUAGE_STANDARD = gnu99;
				GCC_NO_COMMON_BLOCKS = YES;
				GCC_WARN_64_TO_32_BIT_CONVERSION = YES;
				GCC_WARN_ABOUT_RETURN_TYPE = YES_ERROR;
				GCC_WARN_UNDECLARED_SELECTOR = YES;
				GCC_WARN_UNINITIALIZED_AUTOS = YES_AGGRESSIVE;
				GCC_WARN_UNUSED_FUNCTION = YES;
				GCC_WARN_UNUSED_VARIABLE = YES;
				IPHONEOS_DEPLOYMENT_TARGET = 8.3;
				MTL_ENABLE_DEBUG_INFO = NO;
				SDKROOT = iphoneos;
				VALIDATE_PRODUCT = YES;
			};
			name = Release;
		};
		55B685481B102F1800CA2711 /* Debug */ = {
			isa = XCBuildConfiguration;
			buildSettings = {
				ASSETCATALOG_COMPILER_APPICON_NAME = AppIcon;
				FRAMEWORK_SEARCH_PATHS = (
					"$(inherited)",
					"$(PROJECT_DIR)/Playdate",
				);
				INFOPLIST_FILE = Playdate/Info.plist;
				LD_RUNPATH_SEARCH_PATHS = "$(inherited) @executable_path/Frameworks";
				PRODUCT_NAME = "$(TARGET_NAME)";
			};
			name = Debug;
		};
		55B685491B102F1800CA2711 /* Release */ = {
			isa = XCBuildConfiguration;
			buildSettings = {
				ASSETCATALOG_COMPILER_APPICON_NAME = AppIcon;
				FRAMEWORK_SEARCH_PATHS = (
					"$(inherited)",
					"$(PROJECT_DIR)/Playdate",
				);
				INFOPLIST_FILE = Playdate/Info.plist;
				LD_RUNPATH_SEARCH_PATHS = "$(inherited) @executable_path/Frameworks";
				PRODUCT_NAME = "$(TARGET_NAME)";
			};
			name = Release;
		};
		55B6854B1B102F1800CA2711 /* Debug */ = {
			isa = XCBuildConfiguration;
			buildSettings = {
				BUNDLE_LOADER = "$(TEST_HOST)";
				FRAMEWORK_SEARCH_PATHS = (
					"$(SDKROOT)/Developer/Library/Frameworks",
					"$(inherited)",
				);
				GCC_PREPROCESSOR_DEFINITIONS = (
					"DEBUG=1",
					"$(inherited)",
				);
				INFOPLIST_FILE = PlaydateTests/Info.plist;
				LD_RUNPATH_SEARCH_PATHS = "$(inherited) @executable_path/Frameworks @loader_path/Frameworks";
				PRODUCT_NAME = "$(TARGET_NAME)";
				TEST_HOST = "$(BUILT_PRODUCTS_DIR)/Playdate.app/Playdate";
			};
			name = Debug;
		};
		55B6854C1B102F1800CA2711 /* Release */ = {
			isa = XCBuildConfiguration;
			buildSettings = {
				BUNDLE_LOADER = "$(TEST_HOST)";
				FRAMEWORK_SEARCH_PATHS = (
					"$(SDKROOT)/Developer/Library/Frameworks",
					"$(inherited)",
				);
				INFOPLIST_FILE = PlaydateTests/Info.plist;
				LD_RUNPATH_SEARCH_PATHS = "$(inherited) @executable_path/Frameworks @loader_path/Frameworks";
				PRODUCT_NAME = "$(TARGET_NAME)";
				TEST_HOST = "$(BUILT_PRODUCTS_DIR)/Playdate.app/Playdate";
			};
			name = Release;
		};
/* End XCBuildConfiguration section */

/* Begin XCConfigurationList section */
		55B685231B102F1800CA2711 /* Build configuration list for PBXProject "Playdate" */ = {
			isa = XCConfigurationList;
			buildConfigurations = (
				55B685451B102F1800CA2711 /* Debug */,
				55B685461B102F1800CA2711 /* Release */,
			);
			defaultConfigurationIsVisible = 0;
			defaultConfigurationName = Release;
		};
		55B685471B102F1800CA2711 /* Build configuration list for PBXNativeTarget "Playdate" */ = {
			isa = XCConfigurationList;
			buildConfigurations = (
				55B685481B102F1800CA2711 /* Debug */,
				55B685491B102F1800CA2711 /* Release */,
			);
			defaultConfigurationIsVisible = 0;
			defaultConfigurationName = Release;
		};
		55B6854A1B102F1800CA2711 /* Build configuration list for PBXNativeTarget "PlaydateTests" */ = {
			isa = XCConfigurationList;
			buildConfigurations = (
				55B6854B1B102F1800CA2711 /* Debug */,
				55B6854C1B102F1800CA2711 /* Release */,
			);
			defaultConfigurationIsVisible = 0;
			defaultConfigurationName = Release;
		};
/* End XCConfigurationList section */
	};
	rootObject = 55B685201B102F1800CA2711 /* Project object */;
}
