// !$*UTF8*$!
{
	archiveVersion = 1;
	classes = {
	};
	objectVersion = 46;
	objects = {

/* Begin PBXBuildFile section */
		55D3B6321B0EE85400F40CC5 /* Login.swift in Sources */ = {isa = PBXBuildFile; fileRef = 55D3B6311B0EE85400F40CC5 /* Login.swift */; };
		55D3B6341B0EEA8300F40CC5 /* Signup.swift in Sources */ = {isa = PBXBuildFile; fileRef = 55D3B6331B0EEA8300F40CC5 /* Signup.swift */; };
		55F210821B0EA890001CE4D0 /* AppDelegate.swift in Sources */ = {isa = PBXBuildFile; fileRef = 55F210811B0EA890001CE4D0 /* AppDelegate.swift */; };
		55F210841B0EA890001CE4D0 /* ViewController.swift in Sources */ = {isa = PBXBuildFile; fileRef = 55F210831B0EA890001CE4D0 /* ViewController.swift */; };
		55F210871B0EA890001CE4D0 /* Main.storyboard in Resources */ = {isa = PBXBuildFile; fileRef = 55F210851B0EA890001CE4D0 /* Main.storyboard */; };
		55F210891B0EA890001CE4D0 /* Images.xcassets in Resources */ = {isa = PBXBuildFile; fileRef = 55F210881B0EA890001CE4D0 /* Images.xcassets */; };
		55F2108C1B0EA890001CE4D0 /* LaunchScreen.xib in Resources */ = {isa = PBXBuildFile; fileRef = 55F2108A1B0EA890001CE4D0 /* LaunchScreen.xib */; };
		55F210981B0EA890001CE4D0 /* PaintCodeTestingTests.swift in Sources */ = {isa = PBXBuildFile; fileRef = 55F210971B0EA890001CE4D0 /* PaintCodeTestingTests.swift */; };
		55F210AA1B0EDCA0001CE4D0 /* Playdate1.swift in Sources */ = {isa = PBXBuildFile; fileRef = 55F210A91B0EDCA0001CE4D0 /* Playdate1.swift */; };
/* End PBXBuildFile section */

/* Begin PBXContainerItemProxy section */
		55F210921B0EA890001CE4D0 /* PBXContainerItemProxy */ = {
			isa = PBXContainerItemProxy;
			containerPortal = 55F210741B0EA890001CE4D0 /* Project object */;
			proxyType = 1;
			remoteGlobalIDString = 55F2107B1B0EA890001CE4D0;
			remoteInfo = PaintCodeTesting;
		};
/* End PBXContainerItemProxy section */

/* Begin PBXFileReference section */
		55D3B6311B0EE85400F40CC5 /* Login.swift */ = {isa = PBXFileReference; fileEncoding = 4; lastKnownFileType = sourcecode.swift; path = Login.swift; sourceTree = "<group>"; };
		55D3B6331B0EEA8300F40CC5 /* Signup.swift */ = {isa = PBXFileReference; fileEncoding = 4; lastKnownFileType = sourcecode.swift; path = Signup.swift; sourceTree = "<group>"; };
		55F2107C1B0EA890001CE4D0 /* PaintCodeTesting.app */ = {isa = PBXFileReference; explicitFileType = wrapper.application; includeInIndex = 0; path = PaintCodeTesting.app; sourceTree = BUILT_PRODUCTS_DIR; };
		55F210801B0EA890001CE4D0 /* Info.plist */ = {isa = PBXFileReference; lastKnownFileType = text.plist.xml; path = Info.plist; sourceTree = "<group>"; };
		55F210811B0EA890001CE4D0 /* AppDelegate.swift */ = {isa = PBXFileReference; lastKnownFileType = sourcecode.swift; path = AppDelegate.swift; sourceTree = "<group>"; };
		55F210831B0EA890001CE4D0 /* ViewController.swift */ = {isa = PBXFileReference; lastKnownFileType = sourcecode.swift; path = ViewController.swift; sourceTree = "<group>"; };
		55F210861B0EA890001CE4D0 /* Base */ = {isa = PBXFileReference; lastKnownFileType = file.storyboard; name = Base; path = Base.lproj/Main.storyboard; sourceTree = "<group>"; };
		55F210881B0EA890001CE4D0 /* Images.xcassets */ = {isa = PBXFileReference; lastKnownFileType = folder.assetcatalog; path = Images.xcassets; sourceTree = "<group>"; };
		55F2108B1B0EA890001CE4D0 /* Base */ = {isa = PBXFileReference; lastKnownFileType = file.xib; name = Base; path = Base.lproj/LaunchScreen.xib; sourceTree = "<group>"; };
		55F210911B0EA890001CE4D0 /* PaintCodeTestingTests.xctest */ = {isa = PBXFileReference; explicitFileType = wrapper.cfbundle; includeInIndex = 0; path = PaintCodeTestingTests.xctest; sourceTree = BUILT_PRODUCTS_DIR; };
		55F210961B0EA890001CE4D0 /* Info.plist */ = {isa = PBXFileReference; lastKnownFileType = text.plist.xml; path = Info.plist; sourceTree = "<group>"; };
		55F210971B0EA890001CE4D0 /* PaintCodeTestingTests.swift */ = {isa = PBXFileReference; lastKnownFileType = sourcecode.swift; path = PaintCodeTestingTests.swift; sourceTree = "<group>"; };
		55F210A91B0EDCA0001CE4D0 /* Playdate1.swift */ = {isa = PBXFileReference; fileEncoding = 4; lastKnownFileType = sourcecode.swift; path = Playdate1.swift; sourceTree = "<group>"; };
/* End PBXFileReference section */

/* Begin PBXFrameworksBuildPhase section */
		55F210791B0EA890001CE4D0 /* Frameworks */ = {
			isa = PBXFrameworksBuildPhase;
			buildActionMask = 2147483647;
			files = (
			);
			runOnlyForDeploymentPostprocessing = 0;
		};
		55F2108E1B0EA890001CE4D0 /* Frameworks */ = {
			isa = PBXFrameworksBuildPhase;
			buildActionMask = 2147483647;
			files = (
			);
			runOnlyForDeploymentPostprocessing = 0;
		};
/* End PBXFrameworksBuildPhase section */

/* Begin PBXGroup section */
		55F210731B0EA890001CE4D0 = {
			isa = PBXGroup;
			children = (
				55F2107E1B0EA890001CE4D0 /* PaintCodeTesting */,
				55F210941B0EA890001CE4D0 /* PaintCodeTestingTests */,
				55F2107D1B0EA890001CE4D0 /* Products */,
			);
			sourceTree = "<group>";
		};
		55F2107D1B0EA890001CE4D0 /* Products */ = {
			isa = PBXGroup;
			children = (
				55F2107C1B0EA890001CE4D0 /* PaintCodeTesting.app */,
				55F210911B0EA890001CE4D0 /* PaintCodeTestingTests.xctest */,
			);
			name = Products;
			sourceTree = "<group>";
		};
		55F2107E1B0EA890001CE4D0 /* PaintCodeTesting */ = {
			isa = PBXGroup;
			children = (
				55F210A91B0EDCA0001CE4D0 /* Playdate1.swift */,
				55F210811B0EA890001CE4D0 /* AppDelegate.swift */,
				55F210831B0EA890001CE4D0 /* ViewController.swift */,
				55F210851B0EA890001CE4D0 /* Main.storyboard */,
				55D3B6331B0EEA8300F40CC5 /* Signup.swift */,
				55D3B6311B0EE85400F40CC5 /* Login.swift */,
				55F210881B0EA890001CE4D0 /* Images.xcassets */,
				55F2108A1B0EA890001CE4D0 /* LaunchScreen.xib */,
				55F2107F1B0EA890001CE4D0 /* Supporting Files */,
			);
			path = PaintCodeTesting;
			sourceTree = "<group>";
		};
		55F2107F1B0EA890001CE4D0 /* Supporting Files */ = {
			isa = PBXGroup;
			children = (
				55F210801B0EA890001CE4D0 /* Info.plist */,
			);
			name = "Supporting Files";
			sourceTree = "<group>";
		};
		55F210941B0EA890001CE4D0 /* PaintCodeTestingTests */ = {
			isa = PBXGroup;
			children = (
				55F210971B0EA890001CE4D0 /* PaintCodeTestingTests.swift */,
				55F210951B0EA890001CE4D0 /* Supporting Files */,
			);
			path = PaintCodeTestingTests;
			sourceTree = "<group>";
		};
		55F210951B0EA890001CE4D0 /* Supporting Files */ = {
			isa = PBXGroup;
			children = (
				55F210961B0EA890001CE4D0 /* Info.plist */,
			);
			name = "Supporting Files";
			sourceTree = "<group>";
		};
/* End PBXGroup section */

/* Begin PBXNativeTarget section */
		55F2107B1B0EA890001CE4D0 /* PaintCodeTesting */ = {
			isa = PBXNativeTarget;
			buildConfigurationList = 55F2109B1B0EA890001CE4D0 /* Build configuration list for PBXNativeTarget "PaintCodeTesting" */;
			buildPhases = (
				55F210781B0EA890001CE4D0 /* Sources */,
				55F210791B0EA890001CE4D0 /* Frameworks */,
				55F2107A1B0EA890001CE4D0 /* Resources */,
			);
			buildRules = (
			);
			dependencies = (
			);
			name = PaintCodeTesting;
			productName = PaintCodeTesting;
			productReference = 55F2107C1B0EA890001CE4D0 /* PaintCodeTesting.app */;
			productType = "com.apple.product-type.application";
		};
		55F210901B0EA890001CE4D0 /* PaintCodeTestingTests */ = {
			isa = PBXNativeTarget;
			buildConfigurationList = 55F2109E1B0EA890001CE4D0 /* Build configuration list for PBXNativeTarget "PaintCodeTestingTests" */;
			buildPhases = (
				55F2108D1B0EA890001CE4D0 /* Sources */,
				55F2108E1B0EA890001CE4D0 /* Frameworks */,
				55F2108F1B0EA890001CE4D0 /* Resources */,
			);
			buildRules = (
			);
			dependencies = (
				55F210931B0EA890001CE4D0 /* PBXTargetDependency */,
			);
			name = PaintCodeTestingTests;
			productName = PaintCodeTestingTests;
			productReference = 55F210911B0EA890001CE4D0 /* PaintCodeTestingTests.xctest */;
			productType = "com.apple.product-type.bundle.unit-test";
		};
/* End PBXNativeTarget section */

/* Begin PBXProject section */
		55F210741B0EA890001CE4D0 /* Project object */ = {
			isa = PBXProject;
			attributes = {
				LastUpgradeCheck = 0630;
				ORGANIZATIONNAME = "Oscar Bjorkman";
				TargetAttributes = {
					55F2107B1B0EA890001CE4D0 = {
						CreatedOnToolsVersion = 6.3.2;
					};
					55F210901B0EA890001CE4D0 = {
						CreatedOnToolsVersion = 6.3.2;
						TestTargetID = 55F2107B1B0EA890001CE4D0;
					};
				};
			};
			buildConfigurationList = 55F210771B0EA890001CE4D0 /* Build configuration list for PBXProject "PaintCodeTesting" */;
			compatibilityVersion = "Xcode 3.2";
			developmentRegion = English;
			hasScannedForEncodings = 0;
			knownRegions = (
				en,
				Base,
			);
			mainGroup = 55F210731B0EA890001CE4D0;
			productRefGroup = 55F2107D1B0EA890001CE4D0 /* Products */;
			projectDirPath = "";
			projectRoot = "";
			targets = (
				55F2107B1B0EA890001CE4D0 /* PaintCodeTesting */,
				55F210901B0EA890001CE4D0 /* PaintCodeTestingTests */,
			);
		};
/* End PBXProject section */

/* Begin PBXResourcesBuildPhase section */
		55F2107A1B0EA890001CE4D0 /* Resources */ = {
			isa = PBXResourcesBuildPhase;
			buildActionMask = 2147483647;
			files = (
				55F210871B0EA890001CE4D0 /* Main.storyboard in Resources */,
				55F2108C1B0EA890001CE4D0 /* LaunchScreen.xib in Resources */,
				55F210891B0EA890001CE4D0 /* Images.xcassets in Resources */,
			);
			runOnlyForDeploymentPostprocessing = 0;
		};
		55F2108F1B0EA890001CE4D0 /* Resources */ = {
			isa = PBXResourcesBuildPhase;
			buildActionMask = 2147483647;
			files = (
			);
			runOnlyForDeploymentPostprocessing = 0;
		};
/* End PBXResourcesBuildPhase section */

/* Begin PBXSourcesBuildPhase section */
		55F210781B0EA890001CE4D0 /* Sources */ = {
			isa = PBXSourcesBuildPhase;
			buildActionMask = 2147483647;
			files = (
				55F210841B0EA890001CE4D0 /* ViewController.swift in Sources */,
				55D3B6341B0EEA8300F40CC5 /* Signup.swift in Sources */,
				55F210821B0EA890001CE4D0 /* AppDelegate.swift in Sources */,
				55F210AA1B0EDCA0001CE4D0 /* Playdate1.swift in Sources */,
				55D3B6321B0EE85400F40CC5 /* Login.swift in Sources */,
			);
			runOnlyForDeploymentPostprocessing = 0;
		};
		55F2108D1B0EA890001CE4D0 /* Sources */ = {
			isa = PBXSourcesBuildPhase;
			buildActionMask = 2147483647;
			files = (
				55F210981B0EA890001CE4D0 /* PaintCodeTestingTests.swift in Sources */,
			);
			runOnlyForDeploymentPostprocessing = 0;
		};
/* End PBXSourcesBuildPhase section */

/* Begin PBXTargetDependency section */
		55F210931B0EA890001CE4D0 /* PBXTargetDependency */ = {
			isa = PBXTargetDependency;
			target = 55F2107B1B0EA890001CE4D0 /* PaintCodeTesting */;
			targetProxy = 55F210921B0EA890001CE4D0 /* PBXContainerItemProxy */;
		};
/* End PBXTargetDependency section */

/* Begin PBXVariantGroup section */
		55F210851B0EA890001CE4D0 /* Main.storyboard */ = {
			isa = PBXVariantGroup;
			children = (
				55F210861B0EA890001CE4D0 /* Base */,
			);
			name = Main.storyboard;
			sourceTree = "<group>";
		};
		55F2108A1B0EA890001CE4D0 /* LaunchScreen.xib */ = {
			isa = PBXVariantGroup;
			children = (
				55F2108B1B0EA890001CE4D0 /* Base */,
			);
			name = LaunchScreen.xib;
			sourceTree = "<group>";
		};
/* End PBXVariantGroup section */

/* Begin XCBuildConfiguration section */
		55F210991B0EA890001CE4D0 /* Debug */ = {
			isa = XCBuildConfiguration;
			buildSettings = {
				ALWAYS_SEARCH_USER_PATHS = NO;
				CLANG_CXX_LANGUAGE_STANDARD = "gnu++0x";
				CLANG_CXX_LIBRARY = "libc++";
				CLANG_ENABLE_MODULES = YES;
				CLANG_ENABLE_OBJC_ARC = YES;
				CLANG_WARN_BOOL_CONVERSION = YES;
				CLANG_WARN_CONSTANT_CONVERSION = YES;
				CLANG_WARN_DIRECT_OBJC_ISA_USAGE = YES_ERROR;
				CLANG_WARN_EMPTY_BODY = YES;
				CLANG_WARN_ENUM_CONVERSION = YES;
				CLANG_WARN_INT_CONVERSION = YES;
				CLANG_WARN_OBJC_ROOT_CLASS = YES_ERROR;
				CLANG_WARN_UNREACHABLE_CODE = YES;
				CLANG_WARN__DUPLICATE_METHOD_MATCH = YES;
				"CODE_SIGN_IDENTITY[sdk=iphoneos*]" = "iPhone Developer";
				COPY_PHASE_STRIP = NO;
				DEBUG_INFORMATION_FORMAT = "dwarf-with-dsym";
				ENABLE_STRICT_OBJC_MSGSEND = YES;
				GCC_C_LANGUAGE_STANDARD = gnu99;
				GCC_DYNAMIC_NO_PIC = NO;
				GCC_NO_COMMON_BLOCKS = YES;
				GCC_OPTIMIZATION_LEVEL = 0;
				GCC_PREPROCESSOR_DEFINITIONS = (
					"DEBUG=1",
					"$(inherited)",
				);
				GCC_SYMBOLS_PRIVATE_EXTERN = NO;
				GCC_WARN_64_TO_32_BIT_CONVERSION = YES;
				GCC_WARN_ABOUT_RETURN_TYPE = YES_ERROR;
				GCC_WARN_UNDECLARED_SELECTOR = YES;
				GCC_WARN_UNINITIALIZED_AUTOS = YES_AGGRESSIVE;
				GCC_WARN_UNUSED_FUNCTION = YES;
				GCC_WARN_UNUSED_VARIABLE = YES;
				IPHONEOS_DEPLOYMENT_TARGET = 8.3;
				MTL_ENABLE_DEBUG_INFO = YES;
				ONLY_ACTIVE_ARCH = YES;
				SDKROOT = iphoneos;
				SWIFT_OPTIMIZATION_LEVEL = "-Onone";
			};
			name = Debug;
		};
		55F2109A1B0EA890001CE4D0 /* Release */ = {
			isa = XCBuildConfiguration;
			buildSettings = {
				ALWAYS_SEARCH_USER_PATHS = NO;
				CLANG_CXX_LANGUAGE_STANDARD = "gnu++0x";
				CLANG_CXX_LIBRARY = "libc++";
				CLANG_ENABLE_MODULES = YES;
				CLANG_ENABLE_OBJC_ARC = YES;
				CLANG_WARN_BOOL_CONVERSION = YES;
				CLANG_WARN_CONSTANT_CONVERSION = YES;
				CLANG_WARN_DIRECT_OBJC_ISA_USAGE = YES_ERROR;
				CLANG_WARN_EMPTY_BODY = YES;
				CLANG_WARN_ENUM_CONVERSION = YES;
				CLANG_WARN_INT_CONVERSION = YES;
				CLANG_WARN_OBJC_ROOT_CLASS = YES_ERROR;
				CLANG_WARN_UNREACHABLE_CODE = YES;
				CLANG_WARN__DUPLICATE_METHOD_MATCH = YES;
				"CODE_SIGN_IDENTITY[sdk=iphoneos*]" = "iPhone Developer";
				COPY_PHASE_STRIP = NO;
				DEBUG_INFORMATION_FORMAT = "dwarf-with-dsym";
				ENABLE_NS_ASSERTIONS = NO;
				ENABLE_STRICT_OBJC_MSGSEND = YES;
				GCC_C_LANGUAGE_STANDARD = gnu99;
				GCC_NO_COMMON_BLOCKS = YES;
				GCC_WARN_64_TO_32_BIT_CONVERSION = YES;
				GCC_WARN_ABOUT_RETURN_TYPE = YES_ERROR;
				GCC_WARN_UNDECLARED_SELECTOR = YES;
				GCC_WARN_UNINITIALIZED_AUTOS = YES_AGGRESSIVE;
				GCC_WARN_UNUSED_FUNCTION = YES;
				GCC_WARN_UNUSED_VARIABLE = YES;
				IPHONEOS_DEPLOYMENT_TARGET = 8.3;
				MTL_ENABLE_DEBUG_INFO = NO;
				SDKROOT = iphoneos;
				VALIDATE_PRODUCT = YES;
			};
			name = Release;
		};
		55F2109C1B0EA890001CE4D0 /* Debug */ = {
			isa = XCBuildConfiguration;
			buildSettings = {
				ASSETCATALOG_COMPILER_APPICON_NAME = AppIcon;
				INFOPLIST_FILE = PaintCodeTesting/Info.plist;
				LD_RUNPATH_SEARCH_PATHS = "$(inherited) @executable_path/Frameworks";
				PRODUCT_NAME = "$(TARGET_NAME)";
			};
			name = Debug;
		};
		55F2109D1B0EA890001CE4D0 /* Release */ = {
			isa = XCBuildConfiguration;
			buildSettings = {
				ASSETCATALOG_COMPILER_APPICON_NAME = AppIcon;
				INFOPLIST_FILE = PaintCodeTesting/Info.plist;
				LD_RUNPATH_SEARCH_PATHS = "$(inherited) @executable_path/Frameworks";
				PRODUCT_NAME = "$(TARGET_NAME)";
			};
			name = Release;
		};
		55F2109F1B0EA890001CE4D0 /* Debug */ = {
			isa = XCBuildConfiguration;
			buildSettings = {
				BUNDLE_LOADER = "$(TEST_HOST)";
				FRAMEWORK_SEARCH_PATHS = (
					"$(SDKROOT)/Developer/Library/Frameworks",
					"$(inherited)",
				);
				GCC_PREPROCESSOR_DEFINITIONS = (
					"DEBUG=1",
					"$(inherited)",
				);
				INFOPLIST_FILE = PaintCodeTestingTests/Info.plist;
				LD_RUNPATH_SEARCH_PATHS = "$(inherited) @executable_path/Frameworks @loader_path/Frameworks";
				PRODUCT_NAME = "$(TARGET_NAME)";
				TEST_HOST = "$(BUILT_PRODUCTS_DIR)/PaintCodeTesting.app/PaintCodeTesting";
			};
			name = Debug;
		};
		55F210A01B0EA890001CE4D0 /* Release */ = {
			isa = XCBuildConfiguration;
			buildSettings = {
				BUNDLE_LOADER = "$(TEST_HOST)";
				FRAMEWORK_SEARCH_PATHS = (
					"$(SDKROOT)/Developer/Library/Frameworks",
					"$(inherited)",
				);
				INFOPLIST_FILE = PaintCodeTestingTests/Info.plist;
				LD_RUNPATH_SEARCH_PATHS = "$(inherited) @executable_path/Frameworks @loader_path/Frameworks";
				PRODUCT_NAME = "$(TARGET_NAME)";
				TEST_HOST = "$(BUILT_PRODUCTS_DIR)/PaintCodeTesting.app/PaintCodeTesting";
			};
			name = Release;
		};
/* End XCBuildConfiguration section */

/* Begin XCConfigurationList section */
		55F210771B0EA890001CE4D0 /* Build configuration list for PBXProject "PaintCodeTesting" */ = {
			isa = XCConfigurationList;
			buildConfigurations = (
				55F210991B0EA890001CE4D0 /* Debug */,
				55F2109A1B0EA890001CE4D0 /* Release */,
			);
			defaultConfigurationIsVisible = 0;
			defaultConfigurationName = Release;
		};
		55F2109B1B0EA890001CE4D0 /* Build configuration list for PBXNativeTarget "PaintCodeTesting" */ = {
			isa = XCConfigurationList;
			buildConfigurations = (
				55F2109C1B0EA890001CE4D0 /* Debug */,
				55F2109D1B0EA890001CE4D0 /* Release */,
			);
			defaultConfigurationIsVisible = 0;
			defaultConfigurationName = Release;
		};
		55F2109E1B0EA890001CE4D0 /* Build configuration list for PBXNativeTarget "PaintCodeTestingTests" */ = {
			isa = XCConfigurationList;
			buildConfigurations = (
				55F2109F1B0EA890001CE4D0 /* Debug */,
				55F210A01B0EA890001CE4D0 /* Release */,
			);
			defaultConfigurationIsVisible = 0;
			defaultConfigurationName = Release;
		};
/* End XCConfigurationList section */
	};
	rootObject = 55F210741B0EA890001CE4D0 /* Project object */;
}
